// !$*UTF8*$!
{
	archiveVersion = 1;
	classes = {
	};
	objectVersion = 46;
	objects = {

/* Begin PBXBuildFile section */
		B43549E41A2B467B00C411FD /* FailedBankInfo.m in Sources */ = {isa = PBXBuildFile; fileRef = B43549E31A2B467B00C411FD /* FailedBankInfo.m */; };
		B43549E71A2B467B00C411FD /* FailedBankDetails.m in Sources */ = {isa = PBXBuildFile; fileRef = B43549E61A2B467B00C411FD /* FailedBankDetails.m */; };
		B4B1C69E1A2796ED00E43047 /* main.m in Sources */ = {isa = PBXBuildFile; fileRef = B4B1C69D1A2796ED00E43047 /* main.m */; };
		B4B1C6A11A2796ED00E43047 /* AppDelegate.m in Sources */ = {isa = PBXBuildFile; fileRef = B4B1C6A01A2796ED00E43047 /* AppDelegate.m */; };
		B4B1C6A41A2796ED00E43047 /* PrimeiroObjectiveC.xcdatamodeld in Sources */ = {isa = PBXBuildFile; fileRef = B4B1C6A21A2796ED00E43047 /* PrimeiroObjectiveC.xcdatamodeld */; };
		B4B1C6A71A2796ED00E43047 /* ViewController.m in Sources */ = {isa = PBXBuildFile; fileRef = B4B1C6A61A2796ED00E43047 /* ViewController.m */; };
		B4B1C6AA1A2796ED00E43047 /* Main.storyboard in Resources */ = {isa = PBXBuildFile; fileRef = B4B1C6A81A2796ED00E43047 /* Main.storyboard */; };
		B4B1C6AC1A2796ED00E43047 /* Images.xcassets in Resources */ = {isa = PBXBuildFile; fileRef = B4B1C6AB1A2796ED00E43047 /* Images.xcassets */; };
		B4B1C6AF1A2796ED00E43047 /* LaunchScreen.xib in Resources */ = {isa = PBXBuildFile; fileRef = B4B1C6AD1A2796ED00E43047 /* LaunchScreen.xib */; };
		B4B1C6BB1A2796ED00E43047 /* PrimeiroObjectiveCTests.m in Sources */ = {isa = PBXBuildFile; fileRef = B4B1C6BA1A2796ED00E43047 /* PrimeiroObjectiveCTests.m */; };
/* End PBXBuildFile section */

/* Begin PBXContainerItemProxy section */
		B4B1C6B51A2796ED00E43047 /* PBXContainerItemProxy */ = {
			isa = PBXContainerItemProxy;
			containerPortal = B4B1C6901A2796ED00E43047 /* Project object */;
			proxyType = 1;
			remoteGlobalIDString = B4B1C6971A2796ED00E43047;
			remoteInfo = PrimeiroObjectiveC;
		};
/* End PBXContainerItemProxy section */

/* Begin PBXFileReference section */
		B43549E21A2B467B00C411FD /* FailedBankInfo.h */ = {isa = PBXFileReference; fileEncoding = 4; lastKnownFileType = sourcecode.c.h; path = FailedBankInfo.h; sourceTree = "<group>"; };
		B43549E31A2B467B00C411FD /* FailedBankInfo.m */ = {isa = PBXFileReference; fileEncoding = 4; lastKnownFileType = sourcecode.c.objc; path = FailedBankInfo.m; sourceTree = "<group>"; };
		B43549E51A2B467B00C411FD /* FailedBankDetails.h */ = {isa = PBXFileReference; fileEncoding = 4; lastKnownFileType = sourcecode.c.h; path = FailedBankDetails.h; sourceTree = "<group>"; };
		B43549E61A2B467B00C411FD /* FailedBankDetails.m */ = {isa = PBXFileReference; fileEncoding = 4; lastKnownFileType = sourcecode.c.objc; path = FailedBankDetails.m; sourceTree = "<group>"; };
		B4B1C6981A2796ED00E43047 /* PrimeiroObjectiveC.app */ = {isa = PBXFileReference; explicitFileType = wrapper.application; includeInIndex = 0; path = PrimeiroObjectiveC.app; sourceTree = BUILT_PRODUCTS_DIR; };
		B4B1C69C1A2796ED00E43047 /* Info.plist */ = {isa = PBXFileReference; lastKnownFileType = text.plist.xml; path = Info.plist; sourceTree = "<group>"; };
		B4B1C69D1A2796ED00E43047 /* main.m */ = {isa = PBXFileReference; lastKnownFileType = sourcecode.c.objc; path = main.m; sourceTree = "<group>"; };
		B4B1C69F1A2796ED00E43047 /* AppDelegate.h */ = {isa = PBXFileReference; lastKnownFileType = sourcecode.c.h; path = AppDelegate.h; sourceTree = "<group>"; };
		B4B1C6A01A2796ED00E43047 /* AppDelegate.m */ = {isa = PBXFileReference; lastKnownFileType = sourcecode.c.objc; path = AppDelegate.m; sourceTree = "<group>"; };
		B4B1C6A31A2796ED00E43047 /* PrimeiroObjectiveC.xcdatamodel */ = {isa = PBXFileReference; lastKnownFileType = wrapper.xcdatamodel; path = PrimeiroObjectiveC.xcdatamodel; sourceTree = "<group>"; };
		B4B1C6A51A2796ED00E43047 /* ViewController.h */ = {isa = PBXFileReference; lastKnownFileType = sourcecode.c.h; path = ViewController.h; sourceTree = "<group>"; };
		B4B1C6A61A2796ED00E43047 /* ViewController.m */ = {isa = PBXFileReference; lastKnownFileType = sourcecode.c.objc; path = ViewController.m; sourceTree = "<group>"; };
		B4B1C6A91A2796ED00E43047 /* Base */ = {isa = PBXFileReference; lastKnownFileType = file.storyboard; name = Base; path = Base.lproj/Main.storyboard; sourceTree = "<group>"; };
		B4B1C6AB1A2796ED00E43047 /* Images.xcassets */ = {isa = PBXFileReference; lastKnownFileType = folder.assetcatalog; path = Images.xcassets; sourceTree = "<group>"; };
		B4B1C6AE1A2796ED00E43047 /* Base */ = {isa = PBXFileReference; lastKnownFileType = file.xib; name = Base; path = Base.lproj/LaunchScreen.xib; sourceTree = "<group>"; };
		B4B1C6B41A2796ED00E43047 /* PrimeiroObjectiveCTests.xctest */ = {isa = PBXFileReference; explicitFileType = wrapper.cfbundle; includeInIndex = 0; path = PrimeiroObjectiveCTests.xctest; sourceTree = BUILT_PRODUCTS_DIR; };
		B4B1C6B91A2796ED00E43047 /* Info.plist */ = {isa = PBXFileReference; lastKnownFileType = text.plist.xml; path = Info.plist; sourceTree = "<group>"; };
		B4B1C6BA1A2796ED00E43047 /* PrimeiroObjectiveCTests.m */ = {isa = PBXFileReference; lastKnownFileType = sourcecode.c.objc; path = PrimeiroObjectiveCTests.m; sourceTree = "<group>"; };
/* End PBXFileReference section */

/* Begin PBXFrameworksBuildPhase section */
		B4B1C6951A2796ED00E43047 /* Frameworks */ = {
			isa = PBXFrameworksBuildPhase;
			buildActionMask = 2147483647;
			files = (
			);
			runOnlyForDeploymentPostprocessing = 0;
		};
		B4B1C6B11A2796ED00E43047 /* Frameworks */ = {
			isa = PBXFrameworksBuildPhase;
			buildActionMask = 2147483647;
			files = (
			);
			runOnlyForDeploymentPostprocessing = 0;
		};
/* End PBXFrameworksBuildPhase section */

/* Begin PBXGroup section */
		B4B1C68F1A2796ED00E43047 = {
			isa = PBXGroup;
			children = (
				B4B1C69A1A2796ED00E43047 /* PrimeiroObjectiveC */,
				B4B1C6B71A2796ED00E43047 /* PrimeiroObjectiveCTests */,
				B4B1C6991A2796ED00E43047 /* Products */,
			);
			sourceTree = "<group>";
		};
		B4B1C6991A2796ED00E43047 /* Products */ = {
			isa = PBXGroup;
			children = (
				B4B1C6981A2796ED00E43047 /* PrimeiroObjectiveC.app */,
				B4B1C6B41A2796ED00E43047 /* PrimeiroObjectiveCTests.xctest */,
			);
			name = Products;
			sourceTree = "<group>";
		};
		B4B1C69A1A2796ED00E43047 /* PrimeiroObjectiveC */ = {
			isa = PBXGroup;
			children = (
				B4B1C69F1A2796ED00E43047 /* AppDelegate.h */,
				B4B1C6A01A2796ED00E43047 /* AppDelegate.m */,
				B4B1C6A51A2796ED00E43047 /* ViewController.h */,
				B4B1C6A61A2796ED00E43047 /* ViewController.m */,
				B4B1C6A81A2796ED00E43047 /* Main.storyboard */,
				B4B1C6AB1A2796ED00E43047 /* Images.xcassets */,
				B4B1C6AD1A2796ED00E43047 /* LaunchScreen.xib */,
				B4B1C6A21A2796ED00E43047 /* PrimeiroObjectiveC.xcdatamodeld */,
				B43549E51A2B467B00C411FD /* FailedBankDetails.h */,
				B43549E61A2B467B00C411FD /* FailedBankDetails.m */,
				B43549E21A2B467B00C411FD /* FailedBankInfo.h */,
				B43549E31A2B467B00C411FD /* FailedBankInfo.m */,
				B4B1C69B1A2796ED00E43047 /* Supporting Files */,
			);
			path = PrimeiroObjectiveC;
			sourceTree = "<group>";
		};
		B4B1C69B1A2796ED00E43047 /* Supporting Files */ = {
			isa = PBXGroup;
			children = (
				B4B1C69C1A2796ED00E43047 /* Info.plist */,
				B4B1C69D1A2796ED00E43047 /* main.m */,
			);
			name = "Supporting Files";
			sourceTree = "<group>";
		};
		B4B1C6B71A2796ED00E43047 /* PrimeiroObjectiveCTests */ = {
			isa = PBXGroup;
			children = (
				B4B1C6BA1A2796ED00E43047 /* PrimeiroObjectiveCTests.m */,
				B4B1C6B81A2796ED00E43047 /* Supporting Files */,
			);
			path = PrimeiroObjectiveCTests;
			sourceTree = "<group>";
		};
		B4B1C6B81A2796ED00E43047 /* Supporting Files */ = {
			isa = PBXGroup;
			children = (
				B4B1C6B91A2796ED00E43047 /* Info.plist */,
			);
			name = "Supporting Files";
			sourceTree = "<group>";
		};
/* End PBXGroup section */

/* Begin PBXNativeTarget section */
		B4B1C6971A2796ED00E43047 /* PrimeiroObjectiveC */ = {
			isa = PBXNativeTarget;
			buildConfigurationList = B4B1C6BE1A2796ED00E43047 /* Build configuration list for PBXNativeTarget "PrimeiroObjectiveC" */;
			buildPhases = (
				B4B1C6941A2796ED00E43047 /* Sources */,
				B4B1C6951A2796ED00E43047 /* Frameworks */,
				B4B1C6961A2796ED00E43047 /* Resources */,
			);
			buildRules = (
			);
			dependencies = (
			);
			name = PrimeiroObjectiveC;
			productName = PrimeiroObjectiveC;
			productReference = B4B1C6981A2796ED00E43047 /* PrimeiroObjectiveC.app */;
			productType = "com.apple.product-type.application";
		};
		B4B1C6B31A2796ED00E43047 /* PrimeiroObjectiveCTests */ = {
			isa = PBXNativeTarget;
			buildConfigurationList = B4B1C6C11A2796ED00E43047 /* Build configuration list for PBXNativeTarget "PrimeiroObjectiveCTests" */;
			buildPhases = (
				B4B1C6B01A2796ED00E43047 /* Sources */,
				B4B1C6B11A2796ED00E43047 /* Frameworks */,
				B4B1C6B21A2796ED00E43047 /* Resources */,
			);
			buildRules = (
			);
			dependencies = (
				B4B1C6B61A2796ED00E43047 /* PBXTargetDependency */,
			);
			name = PrimeiroObjectiveCTests;
			productName = PrimeiroObjectiveCTests;
			productReference = B4B1C6B41A2796ED00E43047 /* PrimeiroObjectiveCTests.xctest */;
			productType = "com.apple.product-type.bundle.unit-test";
		};
/* End PBXNativeTarget section */

/* Begin PBXProject section */
		B4B1C6901A2796ED00E43047 /* Project object */ = {
			isa = PBXProject;
			attributes = {
				LastUpgradeCheck = 0610;
				ORGANIZATIONNAME = "Nuno Cardoso";
				TargetAttributes = {
					B4B1C6971A2796ED00E43047 = {
						CreatedOnToolsVersion = 6.1;
					};
					B4B1C6B31A2796ED00E43047 = {
						CreatedOnToolsVersion = 6.1;
						TestTargetID = B4B1C6971A2796ED00E43047;
					};
				};
			};
			buildConfigurationList = B4B1C6931A2796ED00E43047 /* Build configuration list for PBXProject "PrimeiroObjectiveC" */;
			compatibilityVersion = "Xcode 3.2";
			developmentRegion = English;
			hasScannedForEncodings = 0;
			knownRegions = (
				en,
				Base,
			);
			mainGroup = B4B1C68F1A2796ED00E43047;
			productRefGroup = B4B1C6991A2796ED00E43047 /* Products */;
			projectDirPath = "";
			projectRoot = "";
			targets = (
				B4B1C6971A2796ED00E43047 /* PrimeiroObjectiveC */,
				B4B1C6B31A2796ED00E43047 /* PrimeiroObjectiveCTests */,
			);
		};
/* End PBXProject section */

/* Begin PBXResourcesBuildPhase section */
		B4B1C6961A2796ED00E43047 /* Resources */ = {
			isa = PBXResourcesBuildPhase;
			buildActionMask = 2147483647;
			files = (
				B4B1C6AA1A2796ED00E43047 /* Main.storyboard in Resources */,
				B4B1C6AF1A2796ED00E43047 /* LaunchScreen.xib in Resources */,
				B4B1C6AC1A2796ED00E43047 /* Images.xcassets in Resources */,
			);
			runOnlyForDeploymentPostprocessing = 0;
		};
		B4B1C6B21A2796ED00E43047 /* Resources */ = {
			isa = PBXResourcesBuildPhase;
			buildActionMask = 2147483647;
			files = (
			);
			runOnlyForDeploymentPostprocessing = 0;
		};
/* End PBXResourcesBuildPhase section */

/* Begin PBXSourcesBuildPhase section */
		B4B1C6941A2796ED00E43047 /* Sources */ = {
			isa = PBXSourcesBuildPhase;
			buildActionMask = 2147483647;
			files = (
				B4B1C6A41A2796ED00E43047 /* PrimeiroObjectiveC.xcdatamodeld in Sources */,
				B43549E71A2B467B00C411FD /* FailedBankDetails.m in Sources */,
				B4B1C6A11A2796ED00E43047 /* AppDelegate.m in Sources */,
				B43549E41A2B467B00C411FD /* FailedBankInfo.m in Sources */,
				B4B1C6A71A2796ED00E43047 /* ViewController.m in Sources */,
				B4B1C69E1A2796ED00E43047 /* main.m in Sources */,
			);
			runOnlyForDeploymentPostprocessing = 0;
		};
		B4B1C6B01A2796ED00E43047 /* Sources */ = {
			isa = PBXSourcesBuildPhase;
			buildActionMask = 2147483647;
			files = (
				B4B1C6BB1A2796ED00E43047 /* PrimeiroObjectiveCTests.m in Sources */,
			);
			runOnlyForDeploymentPostprocessing = 0;
		};
/* End PBXSourcesBuildPhase section */

/* Begin PBXTargetDependency section */
		B4B1C6B61A2796ED00E43047 /* PBXTargetDependency */ = {
			isa = PBXTargetDependency;
			target = B4B1C6971A2796ED00E43047 /* PrimeiroObjectiveC */;
			targetProxy = B4B1C6B51A2796ED00E43047 /* PBXContainerItemProxy */;
		};
/* End PBXTargetDependency section */

/* Begin PBXVariantGroup section */
		B4B1C6A81A2796ED00E43047 /* Main.storyboard */ = {
			isa = PBXVariantGroup;
			children = (
				B4B1C6A91A2796ED00E43047 /* Base */,
			);
			name = Main.storyboard;
			sourceTree = "<group>";
		};
		B4B1C6AD1A2796ED00E43047 /* LaunchScreen.xib */ = {
			isa = PBXVariantGroup;
			children = (
				B4B1C6AE1A2796ED00E43047 /* Base */,
			);
			name = LaunchScreen.xib;
			sourceTree = "<group>";
		};
/* End PBXVariantGroup section */

/* Begin XCBuildConfiguration section */
		B4B1C6BC1A2796ED00E43047 /* Debug */ = {
			isa = XCBuildConfiguration;
			buildSettings = {
				ALWAYS_SEARCH_USER_PATHS = NO;
				CLANG_CXX_LANGUAGE_STANDARD = "gnu++0x";
				CLANG_CXX_LIBRARY = "libc++";
				CLANG_ENABLE_MODULES = YES;
				CLANG_ENABLE_OBJC_ARC = YES;
				CLANG_WARN_BOOL_CONVERSION = YES;
				CLANG_WARN_CONSTANT_CONVERSION = YES;
				CLANG_WARN_DIRECT_OBJC_ISA_USAGE = YES_ERROR;
				CLANG_WARN_EMPTY_BODY = YES;
				CLANG_WARN_ENUM_CONVERSION = YES;
				CLANG_WARN_INT_CONVERSION = YES;
				CLANG_WARN_OBJC_ROOT_CLASS = YES_ERROR;
				CLANG_WARN_UNREACHABLE_CODE = YES;
				CLANG_WARN__DUPLICATE_METHOD_MATCH = YES;
				"CODE_SIGN_IDENTITY[sdk=iphoneos*]" = "iPhone Developer";
				COPY_PHASE_STRIP = NO;
				ENABLE_STRICT_OBJC_MSGSEND = YES;
				GCC_C_LANGUAGE_STANDARD = gnu99;
				GCC_DYNAMIC_NO_PIC = NO;
				GCC_OPTIMIZATION_LEVEL = 0;
				GCC_PREPROCESSOR_DEFINITIONS = (
					"DEBUG=1",
					"$(inherited)",
				);
				GCC_SYMBOLS_PRIVATE_EXTERN = NO;
				GCC_WARN_64_TO_32_BIT_CONVERSION = YES;
				GCC_WARN_ABOUT_RETURN_TYPE = YES_ERROR;
				GCC_WARN_UNDECLARED_SELECTOR = YES;
				GCC_WARN_UNINITIALIZED_AUTOS = YES_AGGRESSIVE;
				GCC_WARN_UNUSED_FUNCTION = YES;
				GCC_WARN_UNUSED_VARIABLE = YES;
				IPHONEOS_DEPLOYMENT_TARGET = 8.1;
				MTL_ENABLE_DEBUG_INFO = YES;
				ONLY_ACTIVE_ARCH = YES;
				SDKROOT = iphoneos;
				TARGETED_DEVICE_FAMILY = "1,2";
			};
			name = Debug;
		};
		B4B1C6BD1A2796ED00E43047 /* Release */ = {
			isa = XCBuildConfiguration;
			buildSettings = {
				ALWAYS_SEARCH_USER_PATHS = NO;
				CLANG_CXX_LANGUAGE_STANDARD = "gnu++0x";
				CLANG_CXX_LIBRARY = "libc++";
				CLANG_ENABLE_MODULES = YES;
				CLANG_ENABLE_OBJC_ARC = YES;
				CLANG_WARN_BOOL_CONVERSION = YES;
				CLANG_WARN_CONSTANT_CONVERSION = YES;
				CLANG_WARN_DIRECT_OBJC_ISA_USAGE = YES_ERROR;
				CLANG_WARN_EMPTY_BODY = YES;
				CLANG_WARN_ENUM_CONVERSION = YES;
				CLANG_WARN_INT_CONVERSION = YES;
				CLANG_WARN_OBJC_ROOT_CLASS = YES_ERROR;
				CLANG_WARN_UNREACHABLE_CODE = YES;
				CLANG_WARN__DUPLICATE_METHOD_MATCH = YES;
				"CODE_SIGN_IDENTITY[sdk=iphoneos*]" = "iPhone Developer";
				COPY_PHASE_STRIP = YES;
				ENABLE_NS_ASSERTIONS = NO;
				ENABLE_STRICT_OBJC_MSGSEND = YES;
				GCC_C_LANGUAGE_STANDARD = gnu99;
				GCC_WARN_64_TO_32_BIT_CONVERSION = YES;
				GCC_WARN_ABOUT_RETURN_TYPE = YES_ERROR;
				GCC_WARN_UNDECLARED_SELECTOR = YES;
				GCC_WARN_UNINITIALIZED_AUTOS = YES_AGGRESSIVE;
				GCC_WARN_UNUSED_FUNCTION = YES;
				GCC_WARN_UNUSED_VARIABLE = YES;
				IPHONEOS_DEPLOYMENT_TARGET = 8.1;
				MTL_ENABLE_DEBUG_INFO = NO;
				SDKROOT = iphoneos;
				TARGETED_DEVICE_FAMILY = "1,2";
				VALIDATE_PRODUCT = YES;
			};
			name = Release;
		};
		B4B1C6BF1A2796ED00E43047 /* Debug */ = {
			isa = XCBuildConfiguration;
			buildSettings = {
				ASSETCATALOG_COMPILER_APPICON_NAME = AppIcon;
				INFOPLIST_FILE = PrimeiroObjectiveC/Info.plist;
				LD_RUNPATH_SEARCH_PATHS = "$(inherited) @executable_path/Frameworks";
				PRODUCT_NAME = "$(TARGET_NAME)";
			};
			name = Debug;
		};
		B4B1C6C01A2796ED00E43047 /* Release */ = {
			isa = XCBuildConfiguration;
			buildSettings = {
				ASSETCATALOG_COMPILER_APPICON_NAME = AppIcon;
				INFOPLIST_FILE = PrimeiroObjectiveC/Info.plist;
				LD_RUNPATH_SEARCH_PATHS = "$(inherited) @executable_path/Frameworks";
				PRODUCT_NAME = "$(TARGET_NAME)";
			};
			name = Release;
		};
		B4B1C6C21A2796ED00E43047 /* Debug */ = {
			isa = XCBuildConfiguration;
			buildSettings = {
				BUNDLE_LOADER = "$(TEST_HOST)";
				FRAMEWORK_SEARCH_PATHS = (
					"$(SDKROOT)/Developer/Library/Frameworks",
					"$(inherited)",
				);
				GCC_PREPROCESSOR_DEFINITIONS = (
					"DEBUG=1",
					"$(inherited)",
				);
				INFOPLIST_FILE = PrimeiroObjectiveCTests/Info.plist;
				LD_RUNPATH_SEARCH_PATHS = "$(inherited) @executable_path/Frameworks @loader_path/Frameworks";
				PRODUCT_NAME = "$(TARGET_NAME)";
				TEST_HOST = "$(BUILT_PRODUCTS_DIR)/PrimeiroObjectiveC.app/PrimeiroObjectiveC";
			};
			name = Debug;
		};
		B4B1C6C31A2796ED00E43047 /* Release */ = {
			isa = XCBuildConfiguration;
			buildSettings = {
				BUNDLE_LOADER = "$(TEST_HOST)";
				FRAMEWORK_SEARCH_PATHS = (
					"$(SDKROOT)/Developer/Library/Frameworks",
					"$(inherited)",
				);
				INFOPLIST_FILE = PrimeiroObjectiveCTests/Info.plist;
				LD_RUNPATH_SEARCH_PATHS = "$(inherited) @executable_path/Frameworks @loader_path/Frameworks";
				PRODUCT_NAME = "$(TARGET_NAME)";
				TEST_HOST = "$(BUILT_PRODUCTS_DIR)/PrimeiroObjectiveC.app/PrimeiroObjectiveC";
			};
			name = Release;
		};
/* End XCBuildConfiguration section */

/* Begin XCConfigurationList section */
		B4B1C6931A2796ED00E43047 /* Build configuration list for PBXProject "PrimeiroObjectiveC" */ = {
			isa = XCConfigurationList;
			buildConfigurations = (
				B4B1C6BC1A2796ED00E43047 /* Debug */,
				B4B1C6BD1A2796ED00E43047 /* Release */,
			);
			defaultConfigurationIsVisible = 0;
			defaultConfigurationName = Release;
		};
		B4B1C6BE1A2796ED00E43047 /* Build configuration list for PBXNativeTarget "PrimeiroObjectiveC" */ = {
			isa = XCConfigurationList;
			buildConfigurations = (
				B4B1C6BF1A2796ED00E43047 /* Debug */,
				B4B1C6C01A2796ED00E43047 /* Release */,
			);
			defaultConfigurationIsVisible = 0;
			defaultConfigurationName = Release;
		};
		B4B1C6C11A2796ED00E43047 /* Build configuration list for PBXNativeTarget "PrimeiroObjectiveCTests" */ = {
			isa = XCConfigurationList;
			buildConfigurations = (
				B4B1C6C21A2796ED00E43047 /* Debug */,
				B4B1C6C31A2796ED00E43047 /* Release */,
			);
			defaultConfigurationIsVisible = 0;
			defaultConfigurationName = Release;
		};
/* End XCConfigurationList section */

/* Begin XCVersionGroup section */
		B4B1C6A21A2796ED00E43047 /* PrimeiroObjectiveC.xcdatamodeld */ = {
			isa = XCVersionGroup;
			children = (
				B4B1C6A31A2796ED00E43047 /* PrimeiroObjectiveC.xcdatamodel */,
			);
			currentVersion = B4B1C6A31A2796ED00E43047 /* PrimeiroObjectiveC.xcdatamodel */;
			path = PrimeiroObjectiveC.xcdatamodeld;
			sourceTree = "<group>";
			versionGroupType = wrapper.xcdatamodel;
		};
/* End XCVersionGroup section */
	};
	rootObject = B4B1C6901A2796ED00E43047 /* Project object */;
}
